
Microsoft Visual Studio Solution File, Format Version 12.00
# Visual Studio Version 17
VisualStudioVersion = 17.10.35027.167
MinimumVisualStudioVersion = 10.0.40219.1
Project("{FAE04EC0-301F-11D3-BF4B-00C04F79EFBC}") = "Snake_Lipina", "Snake_Lipina\Snake_Lipina.csproj", "{28FBA384-F06E-4EFF-B045-A07B818AF3B0}"
EndProject
Project("{FAE04EC0-301F-11D3-BF4B-00C04F79EFBC}") = "Common", "Common\Common.csproj", "{BCB8700F-AE8E-4FA3-BBCA-EC939E0104AB}"
EndProject
Project("{FAE04EC0-301F-11D3-BF4B-00C04F79EFBC}") = "SnakeWPF", "SnakeWPF\SnakeWPF.csproj", "{15AB500A-2EC3-42DF-8673-A15FC7ECB998}"
EndProject
Global
	GlobalSection(SolutionConfigurationPlatforms) = preSolution
		Debug|Any CPU = Debug|Any CPU
		Release|Any CPU = Release|Any CPU
	EndGlobalSection
	GlobalSection(ProjectConfigurationPlatforms) = postSolution
		{28FBA384-F06E-4EFF-B045-A07B818AF3B0}.Debug|Any CPU.ActiveCfg = Debug|Any CPU
		{28FBA384-F06E-4EFF-B045-A07B818AF3B0}.Debug|Any CPU.Build.0 = Debug|Any CPU
		{28FBA384-F06E-4EFF-B045-A07B818AF3B0}.Release|Any CPU.ActiveCfg = Release|Any CPU
		{28FBA384-F06E-4EFF-B045-A07B818AF3B0}.Release|Any CPU.Build.0 = Release|Any CPU
		{BCB8700F-AE8E-4FA3-BBCA-EC939E0104AB}.Debug|Any CPU.ActiveCfg = Debug|Any CPU
		{BCB8700F-AE8E-4FA3-BBCA-EC939E0104AB}.Debug|Any CPU.Build.0 = Debug|Any CPU
		{BCB8700F-AE8E-4FA3-BBCA-EC939E0104AB}.Release|Any CPU.ActiveCfg = Release|Any CPU
		{BCB8700F-AE8E-4FA3-BBCA-EC939E0104AB}.Release|Any CPU.Build.0 = Release|Any CPU
		{15AB500A-2EC3-42DF-8673-A15FC7ECB998}.Debug|Any CPU.ActiveCfg = Debug|Any CPU
		{15AB500A-2EC3-42DF-8673-A15FC7ECB998}.Debug|Any CPU.Build.0 = Debug|Any CPU
		{15AB500A-2EC3-42DF-8673-A15FC7ECB998}.Release|Any CPU.ActiveCfg = Release|Any CPU
		{15AB500A-2EC3-42DF-8673-A15FC7ECB998}.Release|Any CPU.Build.0 = Release|Any CPU
	EndGlobalSection
	GlobalSection(SolutionProperties) = preSolution
		HideSolutionNode = FALSE
	EndGlobalSection
	GlobalSection(ExtensibilityGlobals) = postSolution
		SolutionGuid = {0031EE85-BA4D-4117-86BA-60D694449979}
	EndGlobalSection
EndGlobal
